// !$*UTF8*$!
{
	archiveVersion = 1;
	classes = {
	};
	objectVersion = 46;
	objects = {

/* Begin PBXBuildFile section */
		21902E2E1993EDAF00815202 /* Foundation.framework in Frameworks */ = {isa = PBXBuildFile; fileRef = 21902E2D1993EDAF00815202 /* Foundation.framework */; };
		21902E301993EDAF00815202 /* CoreGraphics.framework in Frameworks */ = {isa = PBXBuildFile; fileRef = 21902E2F1993EDAF00815202 /* CoreGraphics.framework */; };
		21902E321993EDAF00815202 /* UIKit.framework in Frameworks */ = {isa = PBXBuildFile; fileRef = 21902E311993EDAF00815202 /* UIKit.framework */; };
		21902E341993EDAF00815202 /* CoreData.framework in Frameworks */ = {isa = PBXBuildFile; fileRef = 21902E331993EDAF00815202 /* CoreData.framework */; };
		21902E3A1993EDAF00815202 /* InfoPlist.strings in Resources */ = {isa = PBXBuildFile; fileRef = 21902E381993EDAF00815202 /* InfoPlist.strings */; };
		21902E3C1993EDAF00815202 /* main.m in Sources */ = {isa = PBXBuildFile; fileRef = 21902E3B1993EDAF00815202 /* main.m */; };
		21902E401993EDAF00815202 /* AppDelegate.m in Sources */ = {isa = PBXBuildFile; fileRef = 21902E3F1993EDAF00815202 /* AppDelegate.m */; };
		21902E431993EDAF00815202 /* Locations.xcdatamodeld in Sources */ = {isa = PBXBuildFile; fileRef = 21902E411993EDAF00815202 /* Locations.xcdatamodeld */; };
		21902E451993EDAF00815202 /* Images.xcassets in Resources */ = {isa = PBXBuildFile; fileRef = 21902E441993EDAF00815202 /* Images.xcassets */; };
		21902E4C1993EDAF00815202 /* XCTest.framework in Frameworks */ = {isa = PBXBuildFile; fileRef = 21902E4B1993EDAF00815202 /* XCTest.framework */; };
		21902E4D1993EDAF00815202 /* Foundation.framework in Frameworks */ = {isa = PBXBuildFile; fileRef = 21902E2D1993EDAF00815202 /* Foundation.framework */; };
		21902E4E1993EDAF00815202 /* UIKit.framework in Frameworks */ = {isa = PBXBuildFile; fileRef = 21902E311993EDAF00815202 /* UIKit.framework */; };
		21902E4F1993EDAF00815202 /* CoreData.framework in Frameworks */ = {isa = PBXBuildFile; fileRef = 21902E331993EDAF00815202 /* CoreData.framework */; };
		21902E571993EDAF00815202 /* InfoPlist.strings in Resources */ = {isa = PBXBuildFile; fileRef = 21902E551993EDAF00815202 /* InfoPlist.strings */; };
		21902E591993EDAF00815202 /* LocationsTests.m in Sources */ = {isa = PBXBuildFile; fileRef = 21902E581993EDAF00815202 /* LocationsTests.m */; };
/* End PBXBuildFile section */

/* Begin PBXContainerItemProxy section */
		21902E501993EDAF00815202 /* PBXContainerItemProxy */ = {
			isa = PBXContainerItemProxy;
			containerPortal = 21902E221993EDAF00815202 /* Project object */;
			proxyType = 1;
			remoteGlobalIDString = 21902E291993EDAF00815202;
			remoteInfo = Locations;
		};
/* End PBXContainerItemProxy section */

/* Begin PBXFileReference section */
		21902E2A1993EDAF00815202 /* Locations.app */ = {isa = PBXFileReference; explicitFileType = wrapper.application; includeInIndex = 0; path = Locations.app; sourceTree = BUILT_PRODUCTS_DIR; };
		21902E2D1993EDAF00815202 /* Foundation.framework */ = {isa = PBXFileReference; lastKnownFileType = wrapper.framework; name = Foundation.framework; path = System/Library/Frameworks/Foundation.framework; sourceTree = SDKROOT; };
		21902E2F1993EDAF00815202 /* CoreGraphics.framework */ = {isa = PBXFileReference; lastKnownFileType = wrapper.framework; name = CoreGraphics.framework; path = System/Library/Frameworks/CoreGraphics.framework; sourceTree = SDKROOT; };
		21902E311993EDAF00815202 /* UIKit.framework */ = {isa = PBXFileReference; lastKnownFileType = wrapper.framework; name = UIKit.framework; path = System/Library/Frameworks/UIKit.framework; sourceTree = SDKROOT; };
		21902E331993EDAF00815202 /* CoreData.framework */ = {isa = PBXFileReference; lastKnownFileType = wrapper.framework; name = CoreData.framework; path = System/Library/Frameworks/CoreData.framework; sourceTree = SDKROOT; };
		21902E371993EDAF00815202 /* Locations-Info.plist */ = {isa = PBXFileReference; lastKnownFileType = text.plist.xml; path = "Locations-Info.plist"; sourceTree = "<group>"; };
		21902E391993EDAF00815202 /* en */ = {isa = PBXFileReference; lastKnownFileType = text.plist.strings; name = en; path = en.lproj/InfoPlist.strings; sourceTree = "<group>"; };
		21902E3B1993EDAF00815202 /* main.m */ = {isa = PBXFileReference; lastKnownFileType = sourcecode.c.objc; path = main.m; sourceTree = "<group>"; };
		21902E3D1993EDAF00815202 /* Locations-Prefix.pch */ = {isa = PBXFileReference; lastKnownFileType = sourcecode.c.h; path = "Locations-Prefix.pch"; sourceTree = "<group>"; };
		21902E3E1993EDAF00815202 /* AppDelegate.h */ = {isa = PBXFileReference; lastKnownFileType = sourcecode.c.h; path = AppDelegate.h; sourceTree = "<group>"; };
		21902E3F1993EDAF00815202 /* AppDelegate.m */ = {isa = PBXFileReference; lastKnownFileType = sourcecode.c.objc; path = AppDelegate.m; sourceTree = "<group>"; };
		21902E421993EDAF00815202 /* Locations.xcdatamodel */ = {isa = PBXFileReference; lastKnownFileType = wrapper.xcdatamodel; path = Locations.xcdatamodel; sourceTree = "<group>"; };
		21902E441993EDAF00815202 /* Images.xcassets */ = {isa = PBXFileReference; lastKnownFileType = folder.assetcatalog; path = Images.xcassets; sourceTree = "<group>"; };
		21902E4A1993EDAF00815202 /* LocationsTests.xctest */ = {isa = PBXFileReference; explicitFileType = wrapper.cfbundle; includeInIndex = 0; path = LocationsTests.xctest; sourceTree = BUILT_PRODUCTS_DIR; };
		21902E4B1993EDAF00815202 /* XCTest.framework */ = {isa = PBXFileReference; lastKnownFileType = wrapper.framework; name = XCTest.framework; path = Library/Frameworks/XCTest.framework; sourceTree = DEVELOPER_DIR; };
		21902E541993EDAF00815202 /* LocationsTests-Info.plist */ = {isa = PBXFileReference; lastKnownFileType = text.plist.xml; path = "LocationsTests-Info.plist"; sourceTree = "<group>"; };
		21902E561993EDAF00815202 /* en */ = {isa = PBXFileReference; lastKnownFileType = text.plist.strings; name = en; path = en.lproj/InfoPlist.strings; sourceTree = "<group>"; };
		21902E581993EDAF00815202 /* LocationsTests.m */ = {isa = PBXFileReference; lastKnownFileType = sourcecode.c.objc; path = LocationsTests.m; sourceTree = "<group>"; };
/* End PBXFileReference section */

/* Begin PBXFrameworksBuildPhase section */
		21902E271993EDAF00815202 /* Frameworks */ = {
			isa = PBXFrameworksBuildPhase;
			buildActionMask = 2147483647;
			files = (
				21902E301993EDAF00815202 /* CoreGraphics.framework in Frameworks */,
				21902E341993EDAF00815202 /* CoreData.framework in Frameworks */,
				21902E321993EDAF00815202 /* UIKit.framework in Frameworks */,
				21902E2E1993EDAF00815202 /* Foundation.framework in Frameworks */,
			);
			runOnlyForDeploymentPostprocessing = 0;
		};
		21902E471993EDAF00815202 /* Frameworks */ = {
			isa = PBXFrameworksBuildPhase;
			buildActionMask = 2147483647;
			files = (
				21902E4C1993EDAF00815202 /* XCTest.framework in Frameworks */,
				21902E4F1993EDAF00815202 /* CoreData.framework in Frameworks */,
				21902E4E1993EDAF00815202 /* UIKit.framework in Frameworks */,
				21902E4D1993EDAF00815202 /* Foundation.framework in Frameworks */,
			);
			runOnlyForDeploymentPostprocessing = 0;
		};
/* End PBXFrameworksBuildPhase section */

/* Begin PBXGroup section */
		21902E211993EDAF00815202 = {
			isa = PBXGroup;
			children = (
				21902E351993EDAF00815202 /* Locations */,
				21902E521993EDAF00815202 /* LocationsTests */,
				21902E2C1993EDAF00815202 /* Frameworks */,
				21902E2B1993EDAF00815202 /* Products */,
			);
			sourceTree = "<group>";
		};
		21902E2B1993EDAF00815202 /* Products */ = {
			isa = PBXGroup;
			children = (
				21902E2A1993EDAF00815202 /* Locations.app */,
				21902E4A1993EDAF00815202 /* LocationsTests.xctest */,
			);
			name = Products;
			sourceTree = "<group>";
		};
		21902E2C1993EDAF00815202 /* Frameworks */ = {
			isa = PBXGroup;
			children = (
				21902E2D1993EDAF00815202 /* Foundation.framework */,
				21902E2F1993EDAF00815202 /* CoreGraphics.framework */,
				21902E311993EDAF00815202 /* UIKit.framework */,
				21902E331993EDAF00815202 /* CoreData.framework */,
				21902E4B1993EDAF00815202 /* XCTest.framework */,
			);
			name = Frameworks;
			sourceTree = "<group>";
		};
		21902E351993EDAF00815202 /* Locations */ = {
			isa = PBXGroup;
			children = (
				21902E3E1993EDAF00815202 /* AppDelegate.h */,
				21902E3F1993EDAF00815202 /* AppDelegate.m */,
				21902E441993EDAF00815202 /* Images.xcassets */,
				21902E411993EDAF00815202 /* Locations.xcdatamodeld */,
				21902E361993EDAF00815202 /* Supporting Files */,
			);
			path = Locations;
			sourceTree = "<group>";
		};
		21902E361993EDAF00815202 /* Supporting Files */ = {
			isa = PBXGroup;
			children = (
				21902E371993EDAF00815202 /* Locations-Info.plist */,
				21902E381993EDAF00815202 /* InfoPlist.strings */,
				21902E3B1993EDAF00815202 /* main.m */,
				21902E3D1993EDAF00815202 /* Locations-Prefix.pch */,
			);
			name = "Supporting Files";
			sourceTree = "<group>";
		};
		21902E521993EDAF00815202 /* LocationsTests */ = {
			isa = PBXGroup;
			children = (
				21902E581993EDAF00815202 /* LocationsTests.m */,
				21902E531993EDAF00815202 /* Supporting Files */,
			);
			path = LocationsTests;
			sourceTree = "<group>";
		};
		21902E531993EDAF00815202 /* Supporting Files */ = {
			isa = PBXGroup;
			children = (
				21902E541993EDAF00815202 /* LocationsTests-Info.plist */,
				21902E551993EDAF00815202 /* InfoPlist.strings */,
			);
			name = "Supporting Files";
			sourceTree = "<group>";
		};
/* End PBXGroup section */

/* Begin PBXNativeTarget section */
		21902E291993EDAF00815202 /* Locations */ = {
			isa = PBXNativeTarget;
			buildConfigurationList = 21902E5C1993EDAF00815202 /* Build configuration list for PBXNativeTarget "Locations" */;
			buildPhases = (
				21902E261993EDAF00815202 /* Sources */,
				21902E271993EDAF00815202 /* Frameworks */,
				21902E281993EDAF00815202 /* Resources */,
			);
			buildRules = (
			);
			dependencies = (
			);
			name = Locations;
			productName = Locations;
			productReference = 21902E2A1993EDAF00815202 /* Locations.app */;
			productType = "com.apple.product-type.application";
		};
		21902E491993EDAF00815202 /* LocationsTests */ = {
			isa = PBXNativeTarget;
			buildConfigurationList = 21902E5F1993EDAF00815202 /* Build configuration list for PBXNativeTarget "LocationsTests" */;
			buildPhases = (
				21902E461993EDAF00815202 /* Sources */,
				21902E471993EDAF00815202 /* Frameworks */,
				21902E481993EDAF00815202 /* Resources */,
			);
			buildRules = (
			);
			dependencies = (
				21902E511993EDAF00815202 /* PBXTargetDependency */,
			);
			name = LocationsTests;
			productName = LocationsTests;
			productReference = 21902E4A1993EDAF00815202 /* LocationsTests.xctest */;
			productType = "com.apple.product-type.bundle.unit-test";
		};
/* End PBXNativeTarget section */

/* Begin PBXProject section */
		21902E221993EDAF00815202 /* Project object */ = {
			isa = PBXProject;
			attributes = {
				LastUpgradeCheck = 0510;
				ORGANIZATIONNAME = "___FULLUSERNAME___";
				TargetAttributes = {
					21902E491993EDAF00815202 = {
						TestTargetID = 21902E291993EDAF00815202;
					};
				};
			};
			buildConfigurationList = 21902E251993EDAF00815202 /* Build configuration list for PBXProject "Locations" */;
			compatibilityVersion = "Xcode 3.2";
			developmentRegion = English;
			hasScannedForEncodings = 0;
			knownRegions = (
				en,
			);
			mainGroup = 21902E211993EDAF00815202;
			productRefGroup = 21902E2B1993EDAF00815202 /* Products */;
			projectDirPath = "";
			projectRoot = "";
			targets = (
				21902E291993EDAF00815202 /* Locations */,
				21902E491993EDAF00815202 /* LocationsTests */,
			);
		};
/* End PBXProject section */

/* Begin PBXResourcesBuildPhase section */
		21902E281993EDAF00815202 /* Resources */ = {
			isa = PBXResourcesBuildPhase;
			buildActionMask = 2147483647;
			files = (
				21902E3A1993EDAF00815202 /* InfoPlist.strings in Resources */,
				21902E451993EDAF00815202 /* Images.xcassets in Resources */,
			);
			runOnlyForDeploymentPostprocessing = 0;
		};
		21902E481993EDAF00815202 /* Resources */ = {
			isa = PBXResourcesBuildPhase;
			buildActionMask = 2147483647;
			files = (
				21902E571993EDAF00815202 /* InfoPlist.strings in Resources */,
			);
			runOnlyForDeploymentPostprocessing = 0;
		};
/* End PBXResourcesBuildPhase section */

/* Begin PBXSourcesBuildPhase section */
		21902E261993EDAF00815202 /* Sources */ = {
			isa = PBXSourcesBuildPhase;
			buildActionMask = 2147483647;
			files = (
				21902E401993EDAF00815202 /* AppDelegate.m in Sources */,
				21902E431993EDAF00815202 /* Locations.xcdatamodeld in Sources */,
				21902E3C1993EDAF00815202 /* main.m in Sources */,
			);
			runOnlyForDeploymentPostprocessing = 0;
		};
		21902E461993EDAF00815202 /* Sources */ = {
			isa = PBXSourcesBuildPhase;
			buildActionMask = 2147483647;
			files = (
				21902E591993EDAF00815202 /* LocationsTests.m in Sources */,
			);
			runOnlyForDeploymentPostprocessing = 0;
		};
/* End PBXSourcesBuildPhase section */

/* Begin PBXTargetDependency section */
		21902E511993EDAF00815202 /* PBXTargetDependency */ = {
			isa = PBXTargetDependency;
			target = 21902E291993EDAF00815202 /* Locations */;
			targetProxy = 21902E501993EDAF00815202 /* PBXContainerItemProxy */;
		};
/* End PBXTargetDependency section */

/* Begin PBXVariantGroup section */
		21902E381993EDAF00815202 /* InfoPlist.strings */ = {
			isa = PBXVariantGroup;
			children = (
				21902E391993EDAF00815202 /* en */,
			);
			name = InfoPlist.strings;
			sourceTree = "<group>";
		};
		21902E551993EDAF00815202 /* InfoPlist.strings */ = {
			isa = PBXVariantGroup;
			children = (
				21902E561993EDAF00815202 /* en */,
			);
			name = InfoPlist.strings;
			sourceTree = "<group>";
		};
/* End PBXVariantGroup section */

/* Begin XCBuildConfiguration section */
		21902E5A1993EDAF00815202 /* Debug */ = {
			isa = XCBuildConfiguration;
			buildSettings = {
				ALWAYS_SEARCH_USER_PATHS = NO;
				CLANG_CXX_LANGUAGE_STANDARD = "gnu++0x";
				CLANG_CXX_LIBRARY = "libc++";
				CLANG_ENABLE_MODULES = YES;
				CLANG_ENABLE_OBJC_ARC = YES;
				CLANG_WARN_BOOL_CONVERSION = YES;
				CLANG_WARN_CONSTANT_CONVERSION = YES;
				CLANG_WARN_DIRECT_OBJC_ISA_USAGE = YES_ERROR;
				CLANG_WARN_EMPTY_BODY = YES;
				CLANG_WARN_ENUM_CONVERSION = YES;
				CLANG_WARN_INT_CONVERSION = YES;
				CLANG_WARN_OBJC_ROOT_CLASS = YES_ERROR;
				CLANG_WARN__DUPLICATE_METHOD_MATCH = YES;
				"CODE_SIGN_IDENTITY[sdk=iphoneos*]" = "iPhone Developer";
				COPY_PHASE_STRIP = NO;
				GCC_C_LANGUAGE_STANDARD = gnu99;
				GCC_DYNAMIC_NO_PIC = NO;
				GCC_OPTIMIZATION_LEVEL = 0;
				GCC_PREPROCESSOR_DEFINITIONS = (
					"DEBUG=1",
					"$(inherited)",
				);
				GCC_SYMBOLS_PRIVATE_EXTERN = NO;
				GCC_WARN_64_TO_32_BIT_CONVERSION = YES;
				GCC_WARN_ABOUT_RETURN_TYPE = YES_ERROR;
				GCC_WARN_UNDECLARED_SELECTOR = YES;
				GCC_WARN_UNINITIALIZED_AUTOS = YES_AGGRESSIVE;
				GCC_WARN_UNUSED_FUNCTION = YES;
				GCC_WARN_UNUSED_VARIABLE = YES;
				IPHONEOS_DEPLOYMENT_TARGET = 7.1;
				ONLY_ACTIVE_ARCH = YES;
				SDKROOT = iphoneos;
				TARGETED_DEVICE_FAMILY = "1,2";
			};
			name = Debug;
		};
		21902E5B1993EDAF00815202 /* Release */ = {
			isa = XCBuildConfiguration;
			buildSettings = {
				ALWAYS_SEARCH_USER_PATHS = NO;
				CLANG_CXX_LANGUAGE_STANDARD = "gnu++0x";
				CLANG_CXX_LIBRARY = "libc++";
				CLANG_ENABLE_MODULES = YES;
				CLANG_ENABLE_OBJC_ARC = YES;
				CLANG_WARN_BOOL_CONVERSION = YES;
				CLANG_WARN_CONSTANT_CONVERSION = YES;
				CLANG_WARN_DIRECT_OBJC_ISA_USAGE = YES_ERROR;
				CLANG_WARN_EMPTY_BODY = YES;
				CLANG_WARN_ENUM_CONVERSION = YES;
				CLANG_WARN_INT_CONVERSION = YES;
				CLANG_WARN_OBJC_ROOT_CLASS = YES_ERROR;
				CLANG_WARN__DUPLICATE_METHOD_MATCH = YES;
				"CODE_SIGN_IDENTITY[sdk=iphoneos*]" = "iPhone Developer";
				COPY_PHASE_STRIP = YES;
				ENABLE_NS_ASSERTIONS = NO;
				GCC_C_LANGUAGE_STANDARD = gnu99;
				GCC_WARN_64_TO_32_BIT_CONVERSION = YES;
				GCC_WARN_ABOUT_RETURN_TYPE = YES_ERROR;
				GCC_WARN_UNDECLARED_SELECTOR = YES;
				GCC_WARN_UNINITIALIZED_AUTOS = YES_AGGRESSIVE;
				GCC_WARN_UNUSED_FUNCTION = YES;
				GCC_WARN_UNUSED_VARIABLE = YES;
				IPHONEOS_DEPLOYMENT_TARGET = 7.1;
				SDKROOT = iphoneos;
				TARGETED_DEVICE_FAMILY = "1,2";
				VALIDATE_PRODUCT = YES;
			};
			name = Release;
		};
		21902E5D1993EDAF00815202 /* Debug */ = {
			isa = XCBuildConfiguration;
			buildSettings = {
				ASSETCATALOG_COMPILER_APPICON_NAME = AppIcon;
				ASSETCATALOG_COMPILER_LAUNCHIMAGE_NAME = LaunchImage;
				GCC_PRECOMPILE_PREFIX_HEADER = YES;
				GCC_PREFIX_HEADER = "Locations/Locations-Prefix.pch";
				INFOPLIST_FILE = "Locations/Locations-Info.plist";
				PRODUCT_NAME = "$(TARGET_NAME)";
				WRAPPER_EXTENSION = app;
			};
			name = Debug;
		};
		21902E5E1993EDAF00815202 /* Release */ = {
			isa = XCBuildConfiguration;
			buildSettings = {
				ASSETCATALOG_COMPILER_APPICON_NAME = AppIcon;
				ASSETCATALOG_COMPILER_LAUNCHIMAGE_NAME = LaunchImage;
				GCC_PRECOMPILE_PREFIX_HEADER = YES;
				GCC_PREFIX_HEADER = "Locations/Locations-Prefix.pch";
				INFOPLIST_FILE = "Locations/Locations-Info.plist";
				PRODUCT_NAME = "$(TARGET_NAME)";
				WRAPPER_EXTENSION = app;
			};
			name = Release;
		};
		21902E601993EDAF00815202 /* Debug */ = {
			isa = XCBuildConfiguration;
			buildSettings = {
				BUNDLE_LOADER = "$(BUILT_PRODUCTS_DIR)/Locations.app/Locations";
				FRAMEWORK_SEARCH_PATHS = (
					"$(SDKROOT)/Developer/Library/Frameworks",
					"$(inherited)",
					"$(DEVELOPER_FRAMEWORKS_DIR)",
				);
				GCC_PRECOMPILE_PREFIX_HEADER = YES;
				GCC_PREFIX_HEADER = "Locations/Locations-Prefix.pch";
				GCC_PREPROCESSOR_DEFINITIONS = (
					"DEBUG=1",
					"$(inherited)",
				);
				INFOPLIST_FILE = "LocationsTests/LocationsTests-Info.plist";
				PRODUCT_NAME = "$(TARGET_NAME)";
				TEST_HOST = "$(BUNDLE_LOADER)";
				WRAPPER_EXTENSION = xctest;
			};
			name = Debug;
		};
		21902E611993EDAF00815202 /* Release */ = {
			isa = XCBuildConfiguration;
			buildSettings = {
				BUNDLE_LOADER = "$(BUILT_PRODUCTS_DIR)/Locations.app/Locations";
				FRAMEWORK_SEARCH_PATHS = (
					"$(SDKROOT)/Developer/Library/Frameworks",
					"$(inherited)",
					"$(DEVELOPER_FRAMEWORKS_DIR)",
				);
				GCC_PRECOMPILE_PREFIX_HEADER = YES;
				GCC_PREFIX_HEADER = "Locations/Locations-Prefix.pch";
				INFOPLIST_FILE = "LocationsTests/LocationsTests-Info.plist";
				PRODUCT_NAME = "$(TARGET_NAME)";
				TEST_HOST = "$(BUNDLE_LOADER)";
				WRAPPER_EXTENSION = xctest;
			};
			name = Release;
		};
/* End XCBuildConfiguration section */

/* Begin XCConfigurationList section */
		21902E251993EDAF00815202 /* Build configuration list for PBXProject "Locations" */ = {
			isa = XCConfigurationList;
			buildConfigurations = (
				21902E5A1993EDAF00815202 /* Debug */,
				21902E5B1993EDAF00815202 /* Release */,
			);
			defaultConfigurationIsVisible = 0;
			defaultConfigurationName = Release;
		};
		21902E5C1993EDAF00815202 /* Build configuration list for PBXNativeTarget "Locations" */ = {
			isa = XCConfigurationList;
			buildConfigurations = (
				21902E5D1993EDAF00815202 /* Debug */,
				21902E5E1993EDAF00815202 /* Release */,
			);
			defaultConfigurationIsVisible = 0;
		};
		21902E5F1993EDAF00815202 /* Build configuration list for PBXNativeTarget "LocationsTests" */ = {
			isa = XCConfigurationList;
			buildConfigurations = (
				21902E601993EDAF00815202 /* Debug */,
				21902E611993EDAF00815202 /* Release */,
			);
			defaultConfigurationIsVisible = 0;
		};
/* End XCConfigurationList section */

/* Begin XCVersionGroup section */
		21902E411993EDAF00815202 /* Locations.xcdatamodeld */ = {
			isa = XCVersionGroup;
			children = (
				21902E421993EDAF00815202 /* Locations.xcdatamodel */,
			);
			currentVersion = 21902E421993EDAF00815202 /* Locations.xcdatamodel */;
			path = Locations.xcdatamodeld;
			sourceTree = "<group>";
			versionGroupType = wrapper.xcdatamodel;
		};
/* End XCVersionGroup section */
	};
	rootObject = 21902E221993EDAF00815202 /* Project object */;
}
